
Microsoft Visual Studio Solution File, Format Version 12.00
# Visual Studio 15
VisualStudioVersion = 15.0.28010.2046
MinimumVisualStudioVersion = 10.0.40219.1
Project("{FAE04EC0-301F-11D3-BF4B-00C04F79EFBC}") = "Lab3", "Lab3\Lab3.csproj", "{3E553B08-9F9E-4A04-9CF1-E3BF4AB2564F}"
EndProject
Global
	GlobalSection(SolutionConfigurationPlatforms) = preSolution
		Debug|Any CPU = Debug|Any CPU
		Release|Any CPU = Release|Any CPU
	EndGlobalSection
	GlobalSection(ProjectConfigurationPlatforms) = postSolution
		{3E553B08-9F9E-4A04-9CF1-E3BF4AB2564F}.Debug|Any CPU.ActiveCfg = Debug|Any CPU
		{3E553B08-9F9E-4A04-9CF1-E3BF4AB2564F}.Debug|Any CPU.Build.0 = Debug|Any CPU
		{3E553B08-9F9E-4A04-9CF1-E3BF4AB2564F}.Release|Any CPU.ActiveCfg = Release|Any CPU
		{3E553B08-9F9E-4A04-9CF1-E3BF4AB2564F}.Release|Any CPU.Build.0 = Release|Any CPU
	EndGlobalSection
	GlobalSection(SolutionProperties) = preSolution
		HideSolutionNode = FALSE
	EndGlobalSection
	GlobalSection(ExtensibilityGlobals) = postSolution
		SolutionGuid = {D4A675FA-B6A6-46BE-A7D6-370388A07D07}
	EndGlobalSection
EndGlobal
